// !$*UTF8*$!
{
	archiveVersion = 1;
	classes = {
	};
	objectVersion = 56;
	objects = {

/* Begin PBXBuildFile section */
		025AD6152B67E79B00A8AE8D /* LottieAnimationsListApp.swift in Sources */ = {isa = PBXBuildFile; fileRef = 025AD6142B67E79B00A8AE8D /* LottieAnimationsListApp.swift */; };
		025AD6192B67E79D00A8AE8D /* Assets.xcassets in Resources */ = {isa = PBXBuildFile; fileRef = 025AD6182B67E79D00A8AE8D /* Assets.xcassets */; };
		025AD61C2B67E79D00A8AE8D /* Preview Assets.xcassets in Resources */ = {isa = PBXBuildFile; fileRef = 025AD61B2B67E79D00A8AE8D /* Preview Assets.xcassets */; };
		025AD6242B67E95300A8AE8D /* AnimationsListView.swift in Sources */ = {isa = PBXBuildFile; fileRef = 025AD6232B67E95300A8AE8D /* AnimationsListView.swift */; };
		025AD6272B67EAA900A8AE8D /* Lottie in Frameworks */ = {isa = PBXBuildFile; productRef = 025AD6262B67EAA900A8AE8D /* Lottie */; };
		025AD6292B67EBDE00A8AE8D /* LottieView.swift in Sources */ = {isa = PBXBuildFile; fileRef = 025AD6282B67EBDE00A8AE8D /* LottieView.swift */; };
		025AD62C2B67EE1900A8AE8D /* baseball.json in Resources */ = {isa = PBXBuildFile; fileRef = 025AD62B2B67EE1900A8AE8D /* baseball.json */; };
		025AD62F2B67EE2B00A8AE8D /* ramen.json in Resources */ = {isa = PBXBuildFile; fileRef = 025AD62D2B67EE2B00A8AE8D /* ramen.json */; };
		025AD6302B67EE2B00A8AE8D /* dog.json in Resources */ = {isa = PBXBuildFile; fileRef = 025AD62E2B67EE2B00A8AE8D /* dog.json */; };
/* End PBXBuildFile section */

/* Begin PBXFileReference section */
		025AD6112B67E79B00A8AE8D /* LottieAnimationsList.app */ = {isa = PBXFileReference; explicitFileType = wrapper.application; includeInIndex = 0; path = LottieAnimationsList.app; sourceTree = BUILT_PRODUCTS_DIR; };
		025AD6142B67E79B00A8AE8D /* LottieAnimationsListApp.swift */ = {isa = PBXFileReference; lastKnownFileType = sourcecode.swift; path = LottieAnimationsListApp.swift; sourceTree = "<group>"; };
		025AD6182B67E79D00A8AE8D /* Assets.xcassets */ = {isa = PBXFileReference; lastKnownFileType = folder.assetcatalog; path = Assets.xcassets; sourceTree = "<group>"; };
		025AD61B2B67E79D00A8AE8D /* Preview Assets.xcassets */ = {isa = PBXFileReference; lastKnownFileType = folder.assetcatalog; path = "Preview Assets.xcassets"; sourceTree = "<group>"; };
		025AD6232B67E95300A8AE8D /* AnimationsListView.swift */ = {isa = PBXFileReference; lastKnownFileType = sourcecode.swift; path = AnimationsListView.swift; sourceTree = "<group>"; };
		025AD6282B67EBDE00A8AE8D /* LottieView.swift */ = {isa = PBXFileReference; lastKnownFileType = sourcecode.swift; path = LottieView.swift; sourceTree = "<group>"; };
		025AD62B2B67EE1900A8AE8D /* baseball.json */ = {isa = PBXFileReference; fileEncoding = 4; lastKnownFileType = text.json; path = baseball.json; sourceTree = "<group>"; };
		025AD62D2B67EE2B00A8AE8D /* ramen.json */ = {isa = PBXFileReference; fileEncoding = 4; lastKnownFileType = text.json; path = ramen.json; sourceTree = "<group>"; };
		025AD62E2B67EE2B00A8AE8D /* dog.json */ = {isa = PBXFileReference; fileEncoding = 4; lastKnownFileType = text.json; path = dog.json; sourceTree = "<group>"; };
/* End PBXFileReference section */

/* Begin PBXFrameworksBuildPhase section */
		025AD60E2B67E79B00A8AE8D /* Frameworks */ = {
			isa = PBXFrameworksBuildPhase;
			buildActionMask = 2147483647;
			files = (
				025AD6272B67EAA900A8AE8D /* Lottie in Frameworks */,
			);
			runOnlyForDeploymentPostprocessing = 0;
		};
/* End PBXFrameworksBuildPhase section */

/* Begin PBXGroup section */
		025AD6082B67E79B00A8AE8D = {
			isa = PBXGroup;
			children = (
				025AD6132B67E79B00A8AE8D /* LottieAnimationsList */,
				025AD6122B67E79B00A8AE8D /* Products */,
			);
			sourceTree = "<group>";
		};
		025AD6122B67E79B00A8AE8D /* Products */ = {
			isa = PBXGroup;
			children = (
				025AD6112B67E79B00A8AE8D /* LottieAnimationsList.app */,
			);
			name = Products;
			sourceTree = "<group>";
		};
		025AD6132B67E79B00A8AE8D /* LottieAnimationsList */ = {
			isa = PBXGroup;
			children = (
				025AD6142B67E79B00A8AE8D /* LottieAnimationsListApp.swift */,
				025AD62A2B67EDF300A8AE8D /* Animations */,
				025AD6222B67E89400A8AE8D /* Views */,
				025AD6182B67E79D00A8AE8D /* Assets.xcassets */,
				025AD61A2B67E79D00A8AE8D /* Preview Content */,
			);
			path = LottieAnimationsList;
			sourceTree = "<group>";
		};
		025AD61A2B67E79D00A8AE8D /* Preview Content */ = {
			isa = PBXGroup;
			children = (
				025AD61B2B67E79D00A8AE8D /* Preview Assets.xcassets */,
			);
			path = "Preview Content";
			sourceTree = "<group>";
		};
		025AD6222B67E89400A8AE8D /* Views */ = {
			isa = PBXGroup;
			children = (
				025AD6232B67E95300A8AE8D /* AnimationsListView.swift */,
				025AD6282B67EBDE00A8AE8D /* LottieView.swift */,
			);
			path = Views;
			sourceTree = "<group>";
		};
		025AD62A2B67EDF300A8AE8D /* Animations */ = {
			isa = PBXGroup;
			children = (
				025AD62E2B67EE2B00A8AE8D /* dog.json */,
				025AD62D2B67EE2B00A8AE8D /* ramen.json */,
				025AD62B2B67EE1900A8AE8D /* baseball.json */,
			);
			path = Animations;
			sourceTree = "<group>";
		};
/* End PBXGroup section */

/* Begin PBXNativeTarget section */
		025AD6102B67E79B00A8AE8D /* LottieAnimationsList */ = {
			isa = PBXNativeTarget;
			buildConfigurationList = 025AD61F2B67E79D00A8AE8D /* Build configuration list for PBXNativeTarget "LottieAnimationsList" */;
			buildPhases = (
				025AD60D2B67E79B00A8AE8D /* Sources */,
				025AD60E2B67E79B00A8AE8D /* Frameworks */,
				025AD60F2B67E79B00A8AE8D /* Resources */,
			);
			buildRules = (
			);
			dependencies = (
			);
			name = LottieAnimationsList;
			packageProductDependencies = (
				025AD6262B67EAA900A8AE8D /* Lottie */,
			);
			productName = LottieAnimationsList;
			productReference = 025AD6112B67E79B00A8AE8D /* LottieAnimationsList.app */;
			productType = "com.apple.product-type.application";
		};
/* End PBXNativeTarget section */

/* Begin PBXProject section */
		025AD6092B67E79B00A8AE8D /* Project object */ = {
			isa = PBXProject;
			attributes = {
				BuildIndependentTargetsInParallel = 1;
				LastSwiftUpdateCheck = 1520;
				LastUpgradeCheck = 1520;
				TargetAttributes = {
					025AD6102B67E79B00A8AE8D = {
						CreatedOnToolsVersion = 15.2;
					};
				};
			};
			buildConfigurationList = 025AD60C2B67E79B00A8AE8D /* Build configuration list for PBXProject "LottieAnimationsList" */;
			compatibilityVersion = "Xcode 14.0";
			developmentRegion = en;
			hasScannedForEncodings = 0;
			knownRegions = (
				en,
				Base,
			);
			mainGroup = 025AD6082B67E79B00A8AE8D;
			packageReferences = (
				025AD6252B67EAA900A8AE8D /* XCRemoteSwiftPackageReference "lottie-ios" */,
			);
			productRefGroup = 025AD6122B67E79B00A8AE8D /* Products */;
			projectDirPath = "";
			projectRoot = "";
			targets = (
				025AD6102B67E79B00A8AE8D /* LottieAnimationsList */,
			);
		};
/* End PBXProject section */

/* Begin PBXResourcesBuildPhase section */
		025AD60F2B67E79B00A8AE8D /* Resources */ = {
			isa = PBXResourcesBuildPhase;
			buildActionMask = 2147483647;
			files = (
				025AD61C2B67E79D00A8AE8D /* Preview Assets.xcassets in Resources */,
				025AD62F2B67EE2B00A8AE8D /* ramen.json in Resources */,
				025AD6192B67E79D00A8AE8D /* Assets.xcassets in Resources */,
				025AD6302B67EE2B00A8AE8D /* dog.json in Resources */,
				025AD62C2B67EE1900A8AE8D /* baseball.json in Resources */,
			);
			runOnlyForDeploymentPostprocessing = 0;
		};
/* End PBXResourcesBuildPhase section */

/* Begin PBXSourcesBuildPhase section */
		025AD60D2B67E79B00A8AE8D /* Sources */ = {
			isa = PBXSourcesBuildPhase;
			buildActionMask = 2147483647;
			files = (
				025AD6152B67E79B00A8AE8D /* LottieAnimationsListApp.swift in Sources */,
				025AD6242B67E95300A8AE8D /* AnimationsListView.swift in Sources */,
				025AD6292B67EBDE00A8AE8D /* LottieView.swift in Sources */,
			);
			runOnlyForDeploymentPostprocessing = 0;
		};
/* End PBXSourcesBuildPhase section */

/* Begin XCBuildConfiguration section */
		025AD61D2B67E79D00A8AE8D /* Debug */ = {
			isa = XCBuildConfiguration;
			buildSettings = {
				ALWAYS_SEARCH_USER_PATHS = NO;
				ASSETCATALOG_COMPILER_GENERATE_SWIFT_ASSET_SYMBOL_EXTENSIONS = YES;
				CLANG_ANALYZER_NONNULL = YES;
				CLANG_ANALYZER_NUMBER_OBJECT_CONVERSION = YES_AGGRESSIVE;
				CLANG_CXX_LANGUAGE_STANDARD = "gnu++20";
				CLANG_ENABLE_MODULES = YES;
				CLANG_ENABLE_OBJC_ARC = YES;
				CLANG_ENABLE_OBJC_WEAK = YES;
				CLANG_WARN_BLOCK_CAPTURE_AUTORELEASING = YES;
				CLANG_WARN_BOOL_CONVERSION = YES;
				CLANG_WARN_COMMA = YES;
				CLANG_WARN_CONSTANT_CONVERSION = YES;
				CLANG_WARN_DEPRECATED_OBJC_IMPLEMENTATIONS = YES;
				CLANG_WARN_DIRECT_OBJC_ISA_USAGE = YES_ERROR;
				CLANG_WARN_DOCUMENTATION_COMMENTS = YES;
				CLANG_WARN_EMPTY_BODY = YES;
				CLANG_WARN_ENUM_CONVERSION = YES;
				CLANG_WARN_INFINITE_RECURSION = YES;
				CLANG_WARN_INT_CONVERSION = YES;
				CLANG_WARN_NON_LITERAL_NULL_CONVERSION = YES;
				CLANG_WARN_OBJC_IMPLICIT_RETAIN_SELF = YES;
				CLANG_WARN_OBJC_LITERAL_CONVERSION = YES;
				CLANG_WARN_OBJC_ROOT_CLASS = YES_ERROR;
				CLANG_WARN_QUOTED_INCLUDE_IN_FRAMEWORK_HEADER = YES;
				CLANG_WARN_RANGE_LOOP_ANALYSIS = YES;
				CLANG_WARN_STRICT_PROTOTYPES = YES;
				CLANG_WARN_SUSPICIOUS_MOVE = YES;
				CLANG_WARN_UNGUARDED_AVAILABILITY = YES_AGGRESSIVE;
				CLANG_WARN_UNREACHABLE_CODE = YES;
				CLANG_WARN__DUPLICATE_METHOD_MATCH = YES;
				COPY_PHASE_STRIP = NO;
				DEBUG_INFORMATION_FORMAT = dwarf;
				ENABLE_STRICT_OBJC_MSGSEND = YES;
				ENABLE_TESTABILITY = YES;
				ENABLE_USER_SCRIPT_SANDBOXING = YES;
				GCC_C_LANGUAGE_STANDARD = gnu17;
				GCC_DYNAMIC_NO_PIC = NO;
				GCC_NO_COMMON_BLOCKS = YES;
				GCC_OPTIMIZATION_LEVEL = 0;
				GCC_PREPROCESSOR_DEFINITIONS = (
					"DEBUG=1",
					"$(inherited)",
				);
				GCC_WARN_64_TO_32_BIT_CONVERSION = YES;
				GCC_WARN_ABOUT_RETURN_TYPE = YES_ERROR;
				GCC_WARN_UNDECLARED_SELECTOR = YES;
				GCC_WARN_UNINITIALIZED_AUTOS = YES_AGGRESSIVE;
				GCC_WARN_UNUSED_FUNCTION = YES;
				GCC_WARN_UNUSED_VARIABLE = YES;
				IPHONEOS_DEPLOYMENT_TARGET = 17.2;
				LOCALIZATION_PREFERS_STRING_CATALOGS = YES;
				MTL_ENABLE_DEBUG_INFO = INCLUDE_SOURCE;
				MTL_FAST_MATH = YES;
				ONLY_ACTIVE_ARCH = YES;
				SDKROOT = iphoneos;
				SWIFT_ACTIVE_COMPILATION_CONDITIONS = "DEBUG $(inherited)";
				SWIFT_OPTIMIZATION_LEVEL = "-Onone";
			};
			name = Debug;
		};
		025AD61E2B67E79D00A8AE8D /* Release */ = {
			isa = XCBuildConfiguration;
			buildSettings = {
				ALWAYS_SEARCH_USER_PATHS = NO;
				ASSETCATALOG_COMPILER_GENERATE_SWIFT_ASSET_SYMBOL_EXTENSIONS = YES;
				CLANG_ANALYZER_NONNULL = YES;
				CLANG_ANALYZER_NUMBER_OBJECT_CONVERSION = YES_AGGRESSIVE;
				CLANG_CXX_LANGUAGE_STANDARD = "gnu++20";
				CLANG_ENABLE_MODULES = YES;
				CLANG_ENABLE_OBJC_ARC = YES;
				CLANG_ENABLE_OBJC_WEAK = YES;
				CLANG_WARN_BLOCK_CAPTURE_AUTORELEASING = YES;
				CLANG_WARN_BOOL_CONVERSION = YES;
				CLANG_WARN_COMMA = YES;
				CLANG_WARN_CONSTANT_CONVERSION = YES;
				CLANG_WARN_DEPRECATED_OBJC_IMPLEMENTATIONS = YES;
				CLANG_WARN_DIRECT_OBJC_ISA_USAGE = YES_ERROR;
				CLANG_WARN_DOCUMENTATION_COMMENTS = YES;
				CLANG_WARN_EMPTY_BODY = YES;
				CLANG_WARN_ENUM_CONVERSION = YES;
				CLANG_WARN_INFINITE_RECURSION = YES;
				CLANG_WARN_INT_CONVERSION = YES;
				CLANG_WARN_NON_LITERAL_NULL_CONVERSION = YES;
				CLANG_WARN_OBJC_IMPLICIT_RETAIN_SELF = YES;
				CLANG_WARN_OBJC_LITERAL_CONVERSION = YES;
				CLANG_WARN_OBJC_ROOT_CLASS = YES_ERROR;
				CLANG_WARN_QUOTED_INCLUDE_IN_FRAMEWORK_HEADER = YES;
				CLANG_WARN_RANGE_LOOP_ANALYSIS = YES;
				CLANG_WARN_STRICT_PROTOTYPES = YES;
				CLANG_WARN_SUSPICIOUS_MOVE = YES;
				CLANG_WARN_UNGUARDED_AVAILABILITY = YES_AGGRESSIVE;
				CLANG_WARN_UNREACHABLE_CODE = YES;
				CLANG_WARN__DUPLICATE_METHOD_MATCH = YES;
				COPY_PHASE_STRIP = NO;
				DEBUG_INFORMATION_FORMAT = "dwarf-with-dsym";
				ENABLE_NS_ASSERTIONS = NO;
				ENABLE_STRICT_OBJC_MSGSEND = YES;
				ENABLE_USER_SCRIPT_SANDBOXING = YES;
				GCC_C_LANGUAGE_STANDARD = gnu17;
				GCC_NO_COMMON_BLOCKS = YES;
				GCC_WARN_64_TO_32_BIT_CONVERSION = YES;
				GCC_WARN_ABOUT_RETURN_TYPE = YES_ERROR;
				GCC_WARN_UNDECLARED_SELECTOR = YES;
				GCC_WARN_UNINITIALIZED_AUTOS = YES_AGGRESSIVE;
				GCC_WARN_UNUSED_FUNCTION = YES;
				GCC_WARN_UNUSED_VARIABLE = YES;
				IPHONEOS_DEPLOYMENT_TARGET = 17.2;
				LOCALIZATION_PREFERS_STRING_CATALOGS = YES;
				MTL_ENABLE_DEBUG_INFO = NO;
				MTL_FAST_MATH = YES;
				SDKROOT = iphoneos;
				SWIFT_COMPILATION_MODE = wholemodule;
				VALIDATE_PRODUCT = YES;
			};
			name = Release;
		};
		025AD6202B67E79D00A8AE8D /* Debug */ = {
			isa = XCBuildConfiguration;
			buildSettings = {
				ASSETCATALOG_COMPILER_APPICON_NAME = AppIcon;
				ASSETCATALOG_COMPILER_GLOBAL_ACCENT_COLOR_NAME = AccentColor;
				CODE_SIGN_STYLE = Automatic;
				CURRENT_PROJECT_VERSION = 1;
				DEVELOPMENT_ASSET_PATHS = "\"LottieAnimationsList/Preview Content\"";
				DEVELOPMENT_TEAM = 7CAJ3VA6QP;
				ENABLE_PREVIEWS = YES;
				GENERATE_INFOPLIST_FILE = YES;
				INFOPLIST_KEY_UIApplicationSceneManifest_Generation = YES;
				INFOPLIST_KEY_UIApplicationSupportsIndirectInputEvents = YES;
				INFOPLIST_KEY_UILaunchScreen_Generation = YES;
				INFOPLIST_KEY_UISupportedInterfaceOrientations_iPad = "UIInterfaceOrientationPortrait UIInterfaceOrientationPortraitUpsideDown UIInterfaceOrientationLandscapeLeft UIInterfaceOrientationLandscapeRight";
				INFOPLIST_KEY_UISupportedInterfaceOrientations_iPhone = "UIInterfaceOrientationPortrait UIInterfaceOrientationLandscapeLeft UIInterfaceOrientationLandscapeRight";
				LD_RUNPATH_SEARCH_PATHS = (
					"$(inherited)",
					"@executable_path/Frameworks",
				);
				MARKETING_VERSION = 1.0;
				PRODUCT_BUNDLE_IDENTIFIER = lcs.yoshimiyakawa.LottieAnimationsList;
				PRODUCT_NAME = "$(TARGET_NAME)";
				SWIFT_EMIT_LOC_STRINGS = YES;
				SWIFT_VERSION = 5.0;
				TARGETED_DEVICE_FAMILY = "1,2";
			};
			name = Debug;
		};
		025AD6212B67E79D00A8AE8D /* Release */ = {
			isa = XCBuildConfiguration;
			buildSettings = {
				ASSETCATALOG_COMPILER_APPICON_NAME = AppIcon;
				ASSETCATALOG_COMPILER_GLOBAL_ACCENT_COLOR_NAME = AccentColor;
				CODE_SIGN_STYLE = Automatic;
				CURRENT_PROJECT_VERSION = 1;
				DEVELOPMENT_ASSET_PATHS = "\"LottieAnimationsList/Preview Content\"";
				DEVELOPMENT_TEAM = 7CAJ3VA6QP;
				ENABLE_PREVIEWS = YES;
				GENERATE_INFOPLIST_FILE = YES;
				INFOPLIST_KEY_UIApplicationSceneManifest_Generation = YES;
				INFOPLIST_KEY_UIApplicationSupportsIndirectInputEvents = YES;
				INFOPLIST_KEY_UILaunchScreen_Generation = YES;
				INFOPLIST_KEY_UISupportedInterfaceOrientations_iPad = "UIInterfaceOrientationPortrait UIInterfaceOrientationPortraitUpsideDown UIInterfaceOrientationLandscapeLeft UIInterfaceOrientationLandscapeRight";
				INFOPLIST_KEY_UISupportedInterfaceOrientations_iPhone = "UIInterfaceOrientationPortrait UIInterfaceOrientationLandscapeLeft UIInterfaceOrientationLandscapeRight";
				LD_RUNPATH_SEARCH_PATHS = (
					"$(inherited)",
					"@executable_path/Frameworks",
				);
				MARKETING_VERSION = 1.0;
				PRODUCT_BUNDLE_IDENTIFIER = lcs.yoshimiyakawa.LottieAnimationsList;
				PRODUCT_NAME = "$(TARGET_NAME)";
				SWIFT_EMIT_LOC_STRINGS = YES;
				SWIFT_VERSION = 5.0;
				TARGETED_DEVICE_FAMILY = "1,2";
			};
			name = Release;
		};
/* End XCBuildConfiguration section */

/* Begin XCConfigurationList section */
		025AD60C2B67E79B00A8AE8D /* Build configuration list for PBXProject "LottieAnimationsList" */ = {
			isa = XCConfigurationList;
			buildConfigurations = (
				025AD61D2B67E79D00A8AE8D /* Debug */,
				025AD61E2B67E79D00A8AE8D /* Release */,
			);
			defaultConfigurationIsVisible = 0;
			defaultConfigurationName = Release;
		};
		025AD61F2B67E79D00A8AE8D /* Build configuration list for PBXNativeTarget "LottieAnimationsList" */ = {
			isa = XCConfigurationList;
			buildConfigurations = (
				025AD6202B67E79D00A8AE8D /* Debug */,
				025AD6212B67E79D00A8AE8D /* Release */,
			);
			defaultConfigurationIsVisible = 0;
			defaultConfigurationName = Release;
		};
/* End XCConfigurationList section */

/* Begin XCRemoteSwiftPackageReference section */
		025AD6252B67EAA900A8AE8D /* XCRemoteSwiftPackageReference "lottie-ios" */ = {
			isa = XCRemoteSwiftPackageReference;
			repositoryURL = "https://github.com/airbnb/lottie-ios.git";
			requirement = {
				kind = upToNextMajorVersion;
				minimumVersion = 4.4.0;
			};
		};
/* End XCRemoteSwiftPackageReference section */

/* Begin XCSwiftPackageProductDependency section */
		025AD6262B67EAA900A8AE8D /* Lottie */ = {
			isa = XCSwiftPackageProductDependency;
			package = 025AD6252B67EAA900A8AE8D /* XCRemoteSwiftPackageReference "lottie-ios" */;
			productName = Lottie;
		};
/* End XCSwiftPackageProductDependency section */
	};
	rootObject = 025AD6092B67E79B00A8AE8D /* Project object */;
}
